
Microsoft Visual Studio Solution File, Format Version 12.00
# Visual Studio Version 17
VisualStudioVersion = 17.11.35303.130
MinimumVisualStudioVersion = 10.0.40219.1
Project("{FAE04EC0-301F-11D3-BF4B-00C04F79EFBC}") = "ASPAzureBlobSaveImg", "ASPAzureBlobSaveImg\ASPAzureBlobSaveImg.csproj", "{BADA75D5-A2CB-455F-B164-1F5A54456B87}"
EndProject
Global
	GlobalSection(SolutionConfigurationPlatforms) = preSolution
		Debug|Any CPU = Debug|Any CPU
		Release|Any CPU = Release|Any CPU
	EndGlobalSection
	GlobalSection(ProjectConfigurationPlatforms) = postSolution
		{BADA75D5-A2CB-455F-B164-1F5A54456B87}.Debug|Any CPU.ActiveCfg = Debug|Any CPU
		{BADA75D5-A2CB-455F-B164-1F5A54456B87}.Debug|Any CPU.Build.0 = Debug|Any CPU
		{BADA75D5-A2CB-455F-B164-1F5A54456B87}.Release|Any CPU.ActiveCfg = Release|Any CPU
		{BADA75D5-A2CB-455F-B164-1F5A54456B87}.Release|Any CPU.Build.0 = Release|Any CPU
	EndGlobalSection
	GlobalSection(SolutionProperties) = preSolution
		HideSolutionNode = FALSE
	EndGlobalSection
	GlobalSection(ExtensibilityGlobals) = postSolution
		SolutionGuid = {00B61640-2C94-40E0-A1B9-2324E66DBB7E}
	EndGlobalSection
EndGlobal
